
Microsoft Visual Studio Solution File, Format Version 12.00
# Visual Studio Version 17
VisualStudioVersion = 17.1.32421.90
MinimumVisualStudioVersion = 10.0.40219.1
Project("{FAE04EC0-301F-11D3-BF4B-00C04F79EFBC}") = "Printable", "Printable\Printable.csproj", "{8CF0FB0B-2F0C-4B52-B30C-146482E28E7A}"
EndProject
Global
	GlobalSection(SolutionConfigurationPlatforms) = preSolution
		Debug|Any CPU = Debug|Any CPU
		Release|Any CPU = Release|Any CPU
	EndGlobalSection
	GlobalSection(ProjectConfigurationPlatforms) = postSolution
		{8CF0FB0B-2F0C-4B52-B30C-146482E28E7A}.Debug|Any CPU.ActiveCfg = Debug|Any CPU
		{8CF0FB0B-2F0C-4B52-B30C-146482E28E7A}.Debug|Any CPU.Build.0 = Debug|Any CPU
		{8CF0FB0B-2F0C-4B52-B30C-146482E28E7A}.Release|Any CPU.ActiveCfg = Release|Any CPU
		{8CF0FB0B-2F0C-4B52-B30C-146482E28E7A}.Release|Any CPU.Build.0 = Release|Any CPU
	EndGlobalSection
	GlobalSection(SolutionProperties) = preSolution
		HideSolutionNode = FALSE
	EndGlobalSection
	GlobalSection(ExtensibilityGlobals) = postSolution
		SolutionGuid = {AE34F332-2965-46C4-8E4A-DA7BA1566920}
	EndGlobalSection
EndGlobal
